// !$*UTF8*$!
{
	archiveVersion = 1;
	classes = {
	};
	objectVersion = 56;
	objects = {

/* Begin PBXBuildFile section */
		520C735E2C5D0224003B8B02 /* MainCollectionReusableView.swift in Sources */ = {isa = PBXBuildFile; fileRef = 520C735D2C5D0224003B8B02 /* MainCollectionReusableView.swift */; };
		5246328E2C5A236A00B82D3D /* MainNavigationViewController.swift in Sources */ = {isa = PBXBuildFile; fileRef = 5246328D2C5A236A00B82D3D /* MainNavigationViewController.swift */; };
		524632932C5A557A00B82D3D /* circularView.swift in Sources */ = {isa = PBXBuildFile; fileRef = 524632922C5A557A00B82D3D /* circularView.swift */; };
		5259A61E2C6F92F800392CB4 /* HeaderView.swift in Sources */ = {isa = PBXBuildFile; fileRef = 5259A61D2C6F92F800392CB4 /* HeaderView.swift */; };
		525EE51F2C590BC700077365 /* AppDelegate.swift in Sources */ = {isa = PBXBuildFile; fileRef = 525EE51E2C590BC700077365 /* AppDelegate.swift */; };
		525EE5212C590BC700077365 /* SceneDelegate.swift in Sources */ = {isa = PBXBuildFile; fileRef = 525EE5202C590BC700077365 /* SceneDelegate.swift */; };
		525EE5232C590BC700077365 /* MainViewController.swift in Sources */ = {isa = PBXBuildFile; fileRef = 525EE5222C590BC700077365 /* MainViewController.swift */; };
		525EE5282C590BCA00077365 /* Assets.xcassets in Resources */ = {isa = PBXBuildFile; fileRef = 525EE5272C590BCA00077365 /* Assets.xcassets */; };
		525EE52B2C590BCA00077365 /* LaunchScreen.storyboard in Resources */ = {isa = PBXBuildFile; fileRef = 525EE5292C590BCA00077365 /* LaunchScreen.storyboard */; };
		525EE5362C590BCA00077365 /* ToDo_ListTests.swift in Sources */ = {isa = PBXBuildFile; fileRef = 525EE5352C590BCA00077365 /* ToDo_ListTests.swift */; };
		525EE5402C590BCA00077365 /* ToDo_ListUITests.swift in Sources */ = {isa = PBXBuildFile; fileRef = 525EE53F2C590BCA00077365 /* ToDo_ListUITests.swift */; };
		525EE5422C590BCA00077365 /* ToDo_ListUITestsLaunchTests.swift in Sources */ = {isa = PBXBuildFile; fileRef = 525EE5412C590BCA00077365 /* ToDo_ListUITestsLaunchTests.swift */; };
		525EE5532C590D1700077365 /* MainPresenter.swift in Sources */ = {isa = PBXBuildFile; fileRef = 525EE5522C590D1700077365 /* MainPresenter.swift */; };
		525EE5562C590D3000077365 /* MainModel.swift in Sources */ = {isa = PBXBuildFile; fileRef = 525EE5552C590D3000077365 /* MainModel.swift */; };
		525EE5592C590D5B00077365 /* NetworkService.swift in Sources */ = {isa = PBXBuildFile; fileRef = 525EE5582C590D5B00077365 /* NetworkService.swift */; };
		525EE55B2C59222A00077365 /* Builder.swift in Sources */ = {isa = PBXBuildFile; fileRef = 525EE55A2C59222A00077365 /* Builder.swift */; };
		525EE55D2C59262C00077365 /* TabBarViewController.swift in Sources */ = {isa = PBXBuildFile; fileRef = 525EE55C2C59262C00077365 /* TabBarViewController.swift */; };
		52B6410E2C5BC34A001A6965 /* MainCollectionViewCell.swift in Sources */ = {isa = PBXBuildFile; fileRef = 52B6410D2C5BC34A001A6965 /* MainCollectionViewCell.swift */; };
		52D407EF2C75BB140096CB4E /* AddViewController.swift in Sources */ = {isa = PBXBuildFile; fileRef = 52D407EE2C75BB140096CB4E /* AddViewController.swift */; };
		52D407F12C75BB3B0096CB4E /* AddPresenter.swift in Sources */ = {isa = PBXBuildFile; fileRef = 52D407F02C75BB3B0096CB4E /* AddPresenter.swift */; };
/* End PBXBuildFile section */

/* Begin PBXContainerItemProxy section */
		525EE5322C590BCA00077365 /* PBXContainerItemProxy */ = {
			isa = PBXContainerItemProxy;
			containerPortal = 525EE5132C590BC700077365 /* Project object */;
			proxyType = 1;
			remoteGlobalIDString = 525EE51A2C590BC700077365;
			remoteInfo = "ToDo List";
		};
		525EE53C2C590BCA00077365 /* PBXContainerItemProxy */ = {
			isa = PBXContainerItemProxy;
			containerPortal = 525EE5132C590BC700077365 /* Project object */;
			proxyType = 1;
			remoteGlobalIDString = 525EE51A2C590BC700077365;
			remoteInfo = "ToDo List";
		};
/* End PBXContainerItemProxy section */

/* Begin PBXFileReference section */
		520C735D2C5D0224003B8B02 /* MainCollectionReusableView.swift */ = {isa = PBXFileReference; lastKnownFileType = sourcecode.swift; path = MainCollectionReusableView.swift; sourceTree = "<group>"; };
		5246328D2C5A236A00B82D3D /* MainNavigationViewController.swift */ = {isa = PBXFileReference; lastKnownFileType = sourcecode.swift; path = MainNavigationViewController.swift; sourceTree = "<group>"; };
		524632922C5A557A00B82D3D /* circularView.swift */ = {isa = PBXFileReference; lastKnownFileType = sourcecode.swift; path = circularView.swift; sourceTree = "<group>"; };
		5259A61D2C6F92F800392CB4 /* HeaderView.swift */ = {isa = PBXFileReference; lastKnownFileType = sourcecode.swift; path = HeaderView.swift; sourceTree = "<group>"; };
		525EE51B2C590BC700077365 /* ToDo List.app */ = {isa = PBXFileReference; explicitFileType = wrapper.application; includeInIndex = 0; path = "ToDo List.app"; sourceTree = BUILT_PRODUCTS_DIR; };
		525EE51E2C590BC700077365 /* AppDelegate.swift */ = {isa = PBXFileReference; lastKnownFileType = sourcecode.swift; path = AppDelegate.swift; sourceTree = "<group>"; };
		525EE5202C590BC700077365 /* SceneDelegate.swift */ = {isa = PBXFileReference; lastKnownFileType = sourcecode.swift; path = SceneDelegate.swift; sourceTree = "<group>"; };
		525EE5222C590BC700077365 /* MainViewController.swift */ = {isa = PBXFileReference; lastKnownFileType = sourcecode.swift; path = MainViewController.swift; sourceTree = "<group>"; };
		525EE5272C590BCA00077365 /* Assets.xcassets */ = {isa = PBXFileReference; lastKnownFileType = folder.assetcatalog; path = Assets.xcassets; sourceTree = "<group>"; };
		525EE52A2C590BCA00077365 /* Base */ = {isa = PBXFileReference; lastKnownFileType = file.storyboard; name = Base; path = Base.lproj/LaunchScreen.storyboard; sourceTree = "<group>"; };
		525EE52C2C590BCA00077365 /* Info.plist */ = {isa = PBXFileReference; lastKnownFileType = text.plist.xml; path = Info.plist; sourceTree = "<group>"; };
		525EE5312C590BCA00077365 /* ToDo ListTests.xctest */ = {isa = PBXFileReference; explicitFileType = wrapper.cfbundle; includeInIndex = 0; path = "ToDo ListTests.xctest"; sourceTree = BUILT_PRODUCTS_DIR; };
		525EE5352C590BCA00077365 /* ToDo_ListTests.swift */ = {isa = PBXFileReference; lastKnownFileType = sourcecode.swift; path = ToDo_ListTests.swift; sourceTree = "<group>"; };
		525EE53B2C590BCA00077365 /* ToDo ListUITests.xctest */ = {isa = PBXFileReference; explicitFileType = wrapper.cfbundle; includeInIndex = 0; path = "ToDo ListUITests.xctest"; sourceTree = BUILT_PRODUCTS_DIR; };
		525EE53F2C590BCA00077365 /* ToDo_ListUITests.swift */ = {isa = PBXFileReference; lastKnownFileType = sourcecode.swift; path = ToDo_ListUITests.swift; sourceTree = "<group>"; };
		525EE5412C590BCA00077365 /* ToDo_ListUITestsLaunchTests.swift */ = {isa = PBXFileReference; lastKnownFileType = sourcecode.swift; path = ToDo_ListUITestsLaunchTests.swift; sourceTree = "<group>"; };
		525EE5522C590D1700077365 /* MainPresenter.swift */ = {isa = PBXFileReference; lastKnownFileType = sourcecode.swift; path = MainPresenter.swift; sourceTree = "<group>"; };
		525EE5552C590D3000077365 /* MainModel.swift */ = {isa = PBXFileReference; lastKnownFileType = sourcecode.swift; path = MainModel.swift; sourceTree = "<group>"; };
		525EE5582C590D5B00077365 /* NetworkService.swift */ = {isa = PBXFileReference; lastKnownFileType = sourcecode.swift; path = NetworkService.swift; sourceTree = "<group>"; };
		525EE55A2C59222A00077365 /* Builder.swift */ = {isa = PBXFileReference; lastKnownFileType = sourcecode.swift; path = Builder.swift; sourceTree = "<group>"; };
		525EE55C2C59262C00077365 /* TabBarViewController.swift */ = {isa = PBXFileReference; lastKnownFileType = sourcecode.swift; path = TabBarViewController.swift; sourceTree = "<group>"; };
		52B6410D2C5BC34A001A6965 /* MainCollectionViewCell.swift */ = {isa = PBXFileReference; lastKnownFileType = sourcecode.swift; path = MainCollectionViewCell.swift; sourceTree = "<group>"; };
		52D407EE2C75BB140096CB4E /* AddViewController.swift */ = {isa = PBXFileReference; lastKnownFileType = sourcecode.swift; path = AddViewController.swift; sourceTree = "<group>"; };
		52D407F02C75BB3B0096CB4E /* AddPresenter.swift */ = {isa = PBXFileReference; lastKnownFileType = sourcecode.swift; path = AddPresenter.swift; sourceTree = "<group>"; };
/* End PBXFileReference section */

/* Begin PBXFrameworksBuildPhase section */
		525EE5182C590BC700077365 /* Frameworks */ = {
			isa = PBXFrameworksBuildPhase;
			buildActionMask = 2147483647;
			files = (
			);
			runOnlyForDeploymentPostprocessing = 0;
		};
		525EE52E2C590BCA00077365 /* Frameworks */ = {
			isa = PBXFrameworksBuildPhase;
			buildActionMask = 2147483647;
			files = (
			);
			runOnlyForDeploymentPostprocessing = 0;
		};
		525EE5382C590BCA00077365 /* Frameworks */ = {
			isa = PBXFrameworksBuildPhase;
			buildActionMask = 2147483647;
			files = (
			);
			runOnlyForDeploymentPostprocessing = 0;
		};
/* End PBXFrameworksBuildPhase section */

/* Begin PBXGroup section */
		524632882C5A174C00B82D3D /* tabBarView */ = {
			isa = PBXGroup;
			children = (
				525EE55C2C59262C00077365 /* TabBarViewController.swift */,
			);
			path = tabBarView;
			sourceTree = "<group>";
		};
		5246328B2C5A231200B82D3D /* NavigationController */ = {
			isa = PBXGroup;
			children = (
				5246328D2C5A236A00B82D3D /* MainNavigationViewController.swift */,
			);
			path = NavigationController;
			sourceTree = "<group>";
		};
		5246328C2C5A232900B82D3D /* ViewController */ = {
			isa = PBXGroup;
			children = (
				525EE5222C590BC700077365 /* MainViewController.swift */,
			);
			path = ViewController;
			sourceTree = "<group>";
		};
		5246328F2C5A520400B82D3D /* MainUIView */ = {
			isa = PBXGroup;
			children = (
				524632922C5A557A00B82D3D /* circularView.swift */,
				52B6410D2C5BC34A001A6965 /* MainCollectionViewCell.swift */,
				520C735D2C5D0224003B8B02 /* MainCollectionReusableView.swift */,
				5259A61D2C6F92F800392CB4 /* HeaderView.swift */,
			);
			path = MainUIView;
			sourceTree = "<group>";
		};
		525EE5122C590BC700077365 = {
			isa = PBXGroup;
			children = (
				525EE51D2C590BC700077365 /* ToDo List */,
				525EE5342C590BCA00077365 /* ToDo ListTests */,
				525EE53E2C590BCA00077365 /* ToDo ListUITests */,
				525EE51C2C590BC700077365 /* Products */,
			);
			sourceTree = "<group>";
		};
		525EE51C2C590BC700077365 /* Products */ = {
			isa = PBXGroup;
			children = (
				525EE51B2C590BC700077365 /* ToDo List.app */,
				525EE5312C590BCA00077365 /* ToDo ListTests.xctest */,
				525EE53B2C590BCA00077365 /* ToDo ListUITests.xctest */,
			);
			name = Products;
			sourceTree = "<group>";
		};
		525EE51D2C590BC700077365 /* ToDo List */ = {
			isa = PBXGroup;
			children = (
				525EE51E2C590BC700077365 /* AppDelegate.swift */,
				525EE5202C590BC700077365 /* SceneDelegate.swift */,
				524632882C5A174C00B82D3D /* tabBarView */,
				525EE55A2C59222A00077365 /* Builder.swift */,
				52D407EA2C75BA620096CB4E /* AddModule */,
				525EE54E2C590BD500077365 /* MainModule */,
				525EE5582C590D5B00077365 /* NetworkService.swift */,
				525EE5272C590BCA00077365 /* Assets.xcassets */,
				525EE5292C590BCA00077365 /* LaunchScreen.storyboard */,
				525EE52C2C590BCA00077365 /* Info.plist */,
			);
			path = "ToDo List";
			sourceTree = "<group>";
		};
		525EE5342C590BCA00077365 /* ToDo ListTests */ = {
			isa = PBXGroup;
			children = (
				525EE5352C590BCA00077365 /* ToDo_ListTests.swift */,
			);
			path = "ToDo ListTests";
			sourceTree = "<group>";
		};
		525EE53E2C590BCA00077365 /* ToDo ListUITests */ = {
			isa = PBXGroup;
			children = (
				525EE53F2C590BCA00077365 /* ToDo_ListUITests.swift */,
				525EE5412C590BCA00077365 /* ToDo_ListUITestsLaunchTests.swift */,
			);
			path = "ToDo ListUITests";
			sourceTree = "<group>";
		};
		525EE54E2C590BD500077365 /* MainModule */ = {
			isa = PBXGroup;
			children = (
				525EE5512C590C5400077365 /* Model */,
				525EE5502C590C4B00077365 /* View */,
				525EE54F2C590C3300077365 /* MainPresenter */,
			);
			path = MainModule;
			sourceTree = "<group>";
		};
		525EE54F2C590C3300077365 /* MainPresenter */ = {
			isa = PBXGroup;
			children = (
				525EE5522C590D1700077365 /* MainPresenter.swift */,
			);
			path = MainPresenter;
			sourceTree = "<group>";
		};
		525EE5502C590C4B00077365 /* View */ = {
			isa = PBXGroup;
			children = (
				5246328C2C5A232900B82D3D /* ViewController */,
				5246328B2C5A231200B82D3D /* NavigationController */,
				5246328F2C5A520400B82D3D /* MainUIView */,
			);
			path = View;
			sourceTree = "<group>";
		};
		525EE5512C590C5400077365 /* Model */ = {
			isa = PBXGroup;
			children = (
				525EE5552C590D3000077365 /* MainModel.swift */,
			);
			path = Model;
			sourceTree = "<group>";
		};
		52D407EA2C75BA620096CB4E /* AddModule */ = {
			isa = PBXGroup;
			children = (
				52D407ED2C75BAF50096CB4E /* Model */,
				52D407EC2C75BAEC0096CB4E /* View */,
				52D407EB2C75BADC0096CB4E /* AddPresenter */,
			);
			path = AddModule;
			sourceTree = "<group>";
		};
		52D407EB2C75BADC0096CB4E /* AddPresenter */ = {
			isa = PBXGroup;
			children = (
				52D407F02C75BB3B0096CB4E /* AddPresenter.swift */,
			);
			path = AddPresenter;
			sourceTree = "<group>";
		};
		52D407EC2C75BAEC0096CB4E /* View */ = {
			isa = PBXGroup;
			children = (
				52D407EE2C75BB140096CB4E /* AddViewController.swift */,
			);
			path = View;
			sourceTree = "<group>";
		};
		52D407ED2C75BAF50096CB4E /* Model */ = {
			isa = PBXGroup;
			children = (
			);
			path = Model;
			sourceTree = "<group>";
		};
/* End PBXGroup section */

/* Begin PBXNativeTarget section */
		525EE51A2C590BC700077365 /* ToDo List */ = {
			isa = PBXNativeTarget;
			buildConfigurationList = 525EE5452C590BCA00077365 /* Build configuration list for PBXNativeTarget "ToDo List" */;
			buildPhases = (
				525EE5172C590BC700077365 /* Sources */,
				525EE5182C590BC700077365 /* Frameworks */,
				525EE5192C590BC700077365 /* Resources */,
			);
			buildRules = (
			);
			dependencies = (
			);
			name = "ToDo List";
			productName = "ToDo List";
			productReference = 525EE51B2C590BC700077365 /* ToDo List.app */;
			productType = "com.apple.product-type.application";
		};
		525EE5302C590BCA00077365 /* ToDo ListTests */ = {
			isa = PBXNativeTarget;
			buildConfigurationList = 525EE5482C590BCA00077365 /* Build configuration list for PBXNativeTarget "ToDo ListTests" */;
			buildPhases = (
				525EE52D2C590BCA00077365 /* Sources */,
				525EE52E2C590BCA00077365 /* Frameworks */,
				525EE52F2C590BCA00077365 /* Resources */,
			);
			buildRules = (
			);
			dependencies = (
				525EE5332C590BCA00077365 /* PBXTargetDependency */,
			);
			name = "ToDo ListTests";
			productName = "ToDo ListTests";
			productReference = 525EE5312C590BCA00077365 /* ToDo ListTests.xctest */;
			productType = "com.apple.product-type.bundle.unit-test";
		};
		525EE53A2C590BCA00077365 /* ToDo ListUITests */ = {
			isa = PBXNativeTarget;
			buildConfigurationList = 525EE54B2C590BCA00077365 /* Build configuration list for PBXNativeTarget "ToDo ListUITests" */;
			buildPhases = (
				525EE5372C590BCA00077365 /* Sources */,
				525EE5382C590BCA00077365 /* Frameworks */,
				525EE5392C590BCA00077365 /* Resources */,
			);
			buildRules = (
			);
			dependencies = (
				525EE53D2C590BCA00077365 /* PBXTargetDependency */,
			);
			name = "ToDo ListUITests";
			productName = "ToDo ListUITests";
			productReference = 525EE53B2C590BCA00077365 /* ToDo ListUITests.xctest */;
			productType = "com.apple.product-type.bundle.ui-testing";
		};
/* End PBXNativeTarget section */

/* Begin PBXProject section */
		525EE5132C590BC700077365 /* Project object */ = {
			isa = PBXProject;
			attributes = {
				BuildIndependentTargetsInParallel = 1;
				LastSwiftUpdateCheck = 1500;
				LastUpgradeCheck = 1500;
				TargetAttributes = {
					525EE51A2C590BC700077365 = {
						CreatedOnToolsVersion = 15.0.1;
					};
					525EE5302C590BCA00077365 = {
						CreatedOnToolsVersion = 15.0.1;
						TestTargetID = 525EE51A2C590BC700077365;
					};
					525EE53A2C590BCA00077365 = {
						CreatedOnToolsVersion = 15.0.1;
						TestTargetID = 525EE51A2C590BC700077365;
					};
				};
			};
			buildConfigurationList = 525EE5162C590BC700077365 /* Build configuration list for PBXProject "ToDo List" */;
			compatibilityVersion = "Xcode 14.0";
			developmentRegion = en;
			hasScannedForEncodings = 0;
			knownRegions = (
				en,
				Base,
			);
			mainGroup = 525EE5122C590BC700077365;
			productRefGroup = 525EE51C2C590BC700077365 /* Products */;
			projectDirPath = "";
			projectRoot = "";
			targets = (
				525EE51A2C590BC700077365 /* ToDo List */,
				525EE5302C590BCA00077365 /* ToDo ListTests */,
				525EE53A2C590BCA00077365 /* ToDo ListUITests */,
			);
		};
/* End PBXProject section */

/* Begin PBXResourcesBuildPhase section */
		525EE5192C590BC700077365 /* Resources */ = {
			isa = PBXResourcesBuildPhase;
			buildActionMask = 2147483647;
			files = (
				525EE52B2C590BCA00077365 /* LaunchScreen.storyboard in Resources */,
				525EE5282C590BCA00077365 /* Assets.xcassets in Resources */,
			);
			runOnlyForDeploymentPostprocessing = 0;
		};
		525EE52F2C590BCA00077365 /* Resources */ = {
			isa = PBXResourcesBuildPhase;
			buildActionMask = 2147483647;
			files = (
			);
			runOnlyForDeploymentPostprocessing = 0;
		};
		525EE5392C590BCA00077365 /* Resources */ = {
			isa = PBXResourcesBuildPhase;
			buildActionMask = 2147483647;
			files = (
			);
			runOnlyForDeploymentPostprocessing = 0;
		};
/* End PBXResourcesBuildPhase section */

/* Begin PBXSourcesBuildPhase section */
		525EE5172C590BC700077365 /* Sources */ = {
			isa = PBXSourcesBuildPhase;
			buildActionMask = 2147483647;
			files = (
				525EE55D2C59262C00077365 /* TabBarViewController.swift in Sources */,
				525EE5232C590BC700077365 /* MainViewController.swift in Sources */,
				52D407EF2C75BB140096CB4E /* AddViewController.swift in Sources */,
				525EE51F2C590BC700077365 /* AppDelegate.swift in Sources */,
				525EE55B2C59222A00077365 /* Builder.swift in Sources */,
				52B6410E2C5BC34A001A6965 /* MainCollectionViewCell.swift in Sources */,
				5246328E2C5A236A00B82D3D /* MainNavigationViewController.swift in Sources */,
				525EE5212C590BC700077365 /* SceneDelegate.swift in Sources */,
				525EE5562C590D3000077365 /* MainModel.swift in Sources */,
				52D407F12C75BB3B0096CB4E /* AddPresenter.swift in Sources */,
				524632932C5A557A00B82D3D /* circularView.swift in Sources */,
				525EE5592C590D5B00077365 /* NetworkService.swift in Sources */,
				525EE5532C590D1700077365 /* MainPresenter.swift in Sources */,
				520C735E2C5D0224003B8B02 /* MainCollectionReusableView.swift in Sources */,
				5259A61E2C6F92F800392CB4 /* HeaderView.swift in Sources */,
			);
			runOnlyForDeploymentPostprocessing = 0;
		};
		525EE52D2C590BCA00077365 /* Sources */ = {
			isa = PBXSourcesBuildPhase;
			buildActionMask = 2147483647;
			files = (
				525EE5362C590BCA00077365 /* ToDo_ListTests.swift in Sources */,
			);
			runOnlyForDeploymentPostprocessing = 0;
		};
		525EE5372C590BCA00077365 /* Sources */ = {
			isa = PBXSourcesBuildPhase;
			buildActionMask = 2147483647;
			files = (
				525EE5422C590BCA00077365 /* ToDo_ListUITestsLaunchTests.swift in Sources */,
				525EE5402C590BCA00077365 /* ToDo_ListUITests.swift in Sources */,
			);
			runOnlyForDeploymentPostprocessing = 0;
		};
/* End PBXSourcesBuildPhase section */

/* Begin PBXTargetDependency section */
		525EE5332C590BCA00077365 /* PBXTargetDependency */ = {
			isa = PBXTargetDependency;
			target = 525EE51A2C590BC700077365 /* ToDo List */;
			targetProxy = 525EE5322C590BCA00077365 /* PBXContainerItemProxy */;
		};
		525EE53D2C590BCA00077365 /* PBXTargetDependency */ = {
			isa = PBXTargetDependency;
			target = 525EE51A2C590BC700077365 /* ToDo List */;
			targetProxy = 525EE53C2C590BCA00077365 /* PBXContainerItemProxy */;
		};
/* End PBXTargetDependency section */

/* Begin PBXVariantGroup section */
		525EE5292C590BCA00077365 /* LaunchScreen.storyboard */ = {
			isa = PBXVariantGroup;
			children = (
				525EE52A2C590BCA00077365 /* Base */,
			);
			name = LaunchScreen.storyboard;
			sourceTree = "<group>";
		};
/* End PBXVariantGroup section */

/* Begin XCBuildConfiguration section */
		525EE5432C590BCA00077365 /* Debug */ = {
			isa = XCBuildConfiguration;
			buildSettings = {
				ALWAYS_SEARCH_USER_PATHS = NO;
				ASSETCATALOG_COMPILER_GENERATE_SWIFT_ASSET_SYMBOL_EXTENSIONS = YES;
				CLANG_ANALYZER_NONNULL = YES;
				CLANG_ANALYZER_NUMBER_OBJECT_CONVERSION = YES_AGGRESSIVE;
				CLANG_CXX_LANGUAGE_STANDARD = "gnu++20";
				CLANG_ENABLE_MODULES = YES;
				CLANG_ENABLE_OBJC_ARC = YES;
				CLANG_ENABLE_OBJC_WEAK = YES;
				CLANG_WARN_BLOCK_CAPTURE_AUTORELEASING = YES;
				CLANG_WARN_BOOL_CONVERSION = YES;
				CLANG_WARN_COMMA = YES;
				CLANG_WARN_CONSTANT_CONVERSION = YES;
				CLANG_WARN_DEPRECATED_OBJC_IMPLEMENTATIONS = YES;
				CLANG_WARN_DIRECT_OBJC_ISA_USAGE = YES_ERROR;
				CLANG_WARN_DOCUMENTATION_COMMENTS = YES;
				CLANG_WARN_EMPTY_BODY = YES;
				CLANG_WARN_ENUM_CONVERSION = YES;
				CLANG_WARN_INFINITE_RECURSION = YES;
				CLANG_WARN_INT_CONVERSION = YES;
				CLANG_WARN_NON_LITERAL_NULL_CONVERSION = YES;
				CLANG_WARN_OBJC_IMPLICIT_RETAIN_SELF = YES;
				CLANG_WARN_OBJC_LITERAL_CONVERSION = YES;
				CLANG_WARN_OBJC_ROOT_CLASS = YES_ERROR;
				CLANG_WARN_QUOTED_INCLUDE_IN_FRAMEWORK_HEADER = YES;
				CLANG_WARN_RANGE_LOOP_ANALYSIS = YES;
				CLANG_WARN_STRICT_PROTOTYPES = YES;
				CLANG_WARN_SUSPICIOUS_MOVE = YES;
				CLANG_WARN_UNGUARDED_AVAILABILITY = YES_AGGRESSIVE;
				CLANG_WARN_UNREACHABLE_CODE = YES;
				CLANG_WARN__DUPLICATE_METHOD_MATCH = YES;
				COPY_PHASE_STRIP = NO;
				DEBUG_INFORMATION_FORMAT = dwarf;
				ENABLE_STRICT_OBJC_MSGSEND = YES;
				ENABLE_TESTABILITY = YES;
				ENABLE_USER_SCRIPT_SANDBOXING = YES;
				GCC_C_LANGUAGE_STANDARD = gnu17;
				GCC_DYNAMIC_NO_PIC = NO;
				GCC_NO_COMMON_BLOCKS = YES;
				GCC_OPTIMIZATION_LEVEL = 0;
				GCC_PREPROCESSOR_DEFINITIONS = (
					"DEBUG=1",
					"$(inherited)",
				);
				GCC_WARN_64_TO_32_BIT_CONVERSION = YES;
				GCC_WARN_ABOUT_RETURN_TYPE = YES_ERROR;
				GCC_WARN_UNDECLARED_SELECTOR = YES;
				GCC_WARN_UNINITIALIZED_AUTOS = YES_AGGRESSIVE;
				GCC_WARN_UNUSED_FUNCTION = YES;
				GCC_WARN_UNUSED_VARIABLE = YES;
				IPHONEOS_DEPLOYMENT_TARGET = 17.0;
				LOCALIZATION_PREFERS_STRING_CATALOGS = YES;
				MTL_ENABLE_DEBUG_INFO = INCLUDE_SOURCE;
				MTL_FAST_MATH = YES;
				ONLY_ACTIVE_ARCH = YES;
				SDKROOT = iphoneos;
				SWIFT_ACTIVE_COMPILATION_CONDITIONS = "DEBUG $(inherited)";
				SWIFT_OPTIMIZATION_LEVEL = "-Onone";
			};
			name = Debug;
		};
		525EE5442C590BCA00077365 /* Release */ = {
			isa = XCBuildConfiguration;
			buildSettings = {
				ALWAYS_SEARCH_USER_PATHS = NO;
				ASSETCATALOG_COMPILER_GENERATE_SWIFT_ASSET_SYMBOL_EXTENSIONS = YES;
				CLANG_ANALYZER_NONNULL = YES;
				CLANG_ANALYZER_NUMBER_OBJECT_CONVERSION = YES_AGGRESSIVE;
				CLANG_CXX_LANGUAGE_STANDARD = "gnu++20";
				CLANG_ENABLE_MODULES = YES;
				CLANG_ENABLE_OBJC_ARC = YES;
				CLANG_ENABLE_OBJC_WEAK = YES;
				CLANG_WARN_BLOCK_CAPTURE_AUTORELEASING = YES;
				CLANG_WARN_BOOL_CONVERSION = YES;
				CLANG_WARN_COMMA = YES;
				CLANG_WARN_CONSTANT_CONVERSION = YES;
				CLANG_WARN_DEPRECATED_OBJC_IMPLEMENTATIONS = YES;
				CLANG_WARN_DIRECT_OBJC_ISA_USAGE = YES_ERROR;
				CLANG_WARN_DOCUMENTATION_COMMENTS = YES;
				CLANG_WARN_EMPTY_BODY = YES;
				CLANG_WARN_ENUM_CONVERSION = YES;
				CLANG_WARN_INFINITE_RECURSION = YES;
				CLANG_WARN_INT_CONVERSION = YES;
				CLANG_WARN_NON_LITERAL_NULL_CONVERSION = YES;
				CLANG_WARN_OBJC_IMPLICIT_RETAIN_SELF = YES;
				CLANG_WARN_OBJC_LITERAL_CONVERSION = YES;
				CLANG_WARN_OBJC_ROOT_CLASS = YES_ERROR;
				CLANG_WARN_QUOTED_INCLUDE_IN_FRAMEWORK_HEADER = YES;
				CLANG_WARN_RANGE_LOOP_ANALYSIS = YES;
				CLANG_WARN_STRICT_PROTOTYPES = YES;
				CLANG_WARN_SUSPICIOUS_MOVE = YES;
				CLANG_WARN_UNGUARDED_AVAILABILITY = YES_AGGRESSIVE;
				CLANG_WARN_UNREACHABLE_CODE = YES;
				CLANG_WARN__DUPLICATE_METHOD_MATCH = YES;
				COPY_PHASE_STRIP = NO;
				DEBUG_INFORMATION_FORMAT = "dwarf-with-dsym";
				ENABLE_NS_ASSERTIONS = NO;
				ENABLE_STRICT_OBJC_MSGSEND = YES;
				ENABLE_USER_SCRIPT_SANDBOXING = YES;
				GCC_C_LANGUAGE_STANDARD = gnu17;
				GCC_NO_COMMON_BLOCKS = YES;
				GCC_WARN_64_TO_32_BIT_CONVERSION = YES;
				GCC_WARN_ABOUT_RETURN_TYPE = YES_ERROR;
				GCC_WARN_UNDECLARED_SELECTOR = YES;
				GCC_WARN_UNINITIALIZED_AUTOS = YES_AGGRESSIVE;
				GCC_WARN_UNUSED_FUNCTION = YES;
				GCC_WARN_UNUSED_VARIABLE = YES;
				IPHONEOS_DEPLOYMENT_TARGET = 17.0;
				LOCALIZATION_PREFERS_STRING_CATALOGS = YES;
				MTL_ENABLE_DEBUG_INFO = NO;
				MTL_FAST_MATH = YES;
				SDKROOT = iphoneos;
				SWIFT_COMPILATION_MODE = wholemodule;
				VALIDATE_PRODUCT = YES;
			};
			name = Release;
		};
		525EE5462C590BCA00077365 /* Debug */ = {
			isa = XCBuildConfiguration;
			buildSettings = {
				ASSETCATALOG_COMPILER_APPICON_NAME = AppIcon;
				ASSETCATALOG_COMPILER_GLOBAL_ACCENT_COLOR_NAME = AccentColor;
				CODE_SIGN_STYLE = Automatic;
				CURRENT_PROJECT_VERSION = 1;
				DEVELOPMENT_TEAM = G9QUNGBCC5;
				GENERATE_INFOPLIST_FILE = YES;
				INFOPLIST_FILE = "ToDo List/Info.plist";
				INFOPLIST_KEY_UIApplicationSupportsIndirectInputEvents = YES;
				INFOPLIST_KEY_UILaunchStoryboardName = LaunchScreen;
				INFOPLIST_KEY_UISupportedInterfaceOrientations_iPad = "UIInterfaceOrientationPortrait UIInterfaceOrientationPortraitUpsideDown UIInterfaceOrientationLandscapeLeft UIInterfaceOrientationLandscapeRight";
				INFOPLIST_KEY_UISupportedInterfaceOrientations_iPhone = "UIInterfaceOrientationPortrait UIInterfaceOrientationLandscapeLeft UIInterfaceOrientationLandscapeRight";
				LD_RUNPATH_SEARCH_PATHS = (
					"$(inherited)",
					"@executable_path/Frameworks",
				);
				MARKETING_VERSION = 1.0;
				PRODUCT_BUNDLE_IDENTIFIER = "test.com.ToDo-List";
				PRODUCT_NAME = "$(TARGET_NAME)";
				SWIFT_EMIT_LOC_STRINGS = YES;
				SWIFT_VERSION = 5.0;
				TARGETED_DEVICE_FAMILY = "1,2";
			};
			name = Debug;
		};
		525EE5472C590BCA00077365 /* Release */ = {
			isa = XCBuildConfiguration;
			buildSettings = {
				ASSETCATALOG_COMPILER_APPICON_NAME = AppIcon;
				ASSETCATALOG_COMPILER_GLOBAL_ACCENT_COLOR_NAME = AccentColor;
				CODE_SIGN_STYLE = Automatic;
				CURRENT_PROJECT_VERSION = 1;
				DEVELOPMENT_TEAM = G9QUNGBCC5;
				GENERATE_INFOPLIST_FILE = YES;
				INFOPLIST_FILE = "ToDo List/Info.plist";
				INFOPLIST_KEY_UIApplicationSupportsIndirectInputEvents = YES;
				INFOPLIST_KEY_UILaunchStoryboardName = LaunchScreen;
				INFOPLIST_KEY_UISupportedInterfaceOrientations_iPad = "UIInterfaceOrientationPortrait UIInterfaceOrientationPortraitUpsideDown UIInterfaceOrientationLandscapeLeft UIInterfaceOrientationLandscapeRight";
				INFOPLIST_KEY_UISupportedInterfaceOrientations_iPhone = "UIInterfaceOrientationPortrait UIInterfaceOrientationLandscapeLeft UIInterfaceOrientationLandscapeRight";
				LD_RUNPATH_SEARCH_PATHS = (
					"$(inherited)",
					"@executable_path/Frameworks",
				);
				MARKETING_VERSION = 1.0;
				PRODUCT_BUNDLE_IDENTIFIER = "test.com.ToDo-List";
				PRODUCT_NAME = "$(TARGET_NAME)";
				SWIFT_EMIT_LOC_STRINGS = YES;
				SWIFT_VERSION = 5.0;
				TARGETED_DEVICE_FAMILY = "1,2";
			};
			name = Release;
		};
		525EE5492C590BCA00077365 /* Debug */ = {
			isa = XCBuildConfiguration;
			buildSettings = {
				ALWAYS_EMBED_SWIFT_STANDARD_LIBRARIES = YES;
				BUNDLE_LOADER = "$(TEST_HOST)";
				CODE_SIGN_STYLE = Automatic;
				CURRENT_PROJECT_VERSION = 1;
				DEVELOPMENT_TEAM = G9QUNGBCC5;
				GENERATE_INFOPLIST_FILE = YES;
				IPHONEOS_DEPLOYMENT_TARGET = 17.0;
				MARKETING_VERSION = 1.0;
				PRODUCT_BUNDLE_IDENTIFIER = "test.com.ToDo-ListTests";
				PRODUCT_NAME = "$(TARGET_NAME)";
				SWIFT_EMIT_LOC_STRINGS = NO;
				SWIFT_VERSION = 5.0;
				TARGETED_DEVICE_FAMILY = "1,2";
				TEST_HOST = "$(BUILT_PRODUCTS_DIR)/ToDo List.app/$(BUNDLE_EXECUTABLE_FOLDER_PATH)/ToDo List";
			};
			name = Debug;
		};
		525EE54A2C590BCA00077365 /* Release */ = {
			isa = XCBuildConfiguration;
			buildSettings = {
				ALWAYS_EMBED_SWIFT_STANDARD_LIBRARIES = YES;
				BUNDLE_LOADER = "$(TEST_HOST)";
				CODE_SIGN_STYLE = Automatic;
				CURRENT_PROJECT_VERSION = 1;
				DEVELOPMENT_TEAM = G9QUNGBCC5;
				GENERATE_INFOPLIST_FILE = YES;
				IPHONEOS_DEPLOYMENT_TARGET = 17.0;
				MARKETING_VERSION = 1.0;
				PRODUCT_BUNDLE_IDENTIFIER = "test.com.ToDo-ListTests";
				PRODUCT_NAME = "$(TARGET_NAME)";
				SWIFT_EMIT_LOC_STRINGS = NO;
				SWIFT_VERSION = 5.0;
				TARGETED_DEVICE_FAMILY = "1,2";
				TEST_HOST = "$(BUILT_PRODUCTS_DIR)/ToDo List.app/$(BUNDLE_EXECUTABLE_FOLDER_PATH)/ToDo List";
			};
			name = Release;
		};
		525EE54C2C590BCA00077365 /* Debug */ = {
			isa = XCBuildConfiguration;
			buildSettings = {
				ALWAYS_EMBED_SWIFT_STANDARD_LIBRARIES = YES;
				CODE_SIGN_STYLE = Automatic;
				CURRENT_PROJECT_VERSION = 1;
				DEVELOPMENT_TEAM = G9QUNGBCC5;
				GENERATE_INFOPLIST_FILE = YES;
				MARKETING_VERSION = 1.0;
				PRODUCT_BUNDLE_IDENTIFIER = "test.com.ToDo-ListUITests";
				PRODUCT_NAME = "$(TARGET_NAME)";
				SWIFT_EMIT_LOC_STRINGS = NO;
				SWIFT_VERSION = 5.0;
				TARGETED_DEVICE_FAMILY = "1,2";
				TEST_TARGET_NAME = "ToDo List";
			};
			name = Debug;
		};
		525EE54D2C590BCA00077365 /* Release */ = {
			isa = XCBuildConfiguration;
			buildSettings = {
				ALWAYS_EMBED_SWIFT_STANDARD_LIBRARIES = YES;
				CODE_SIGN_STYLE = Automatic;
				CURRENT_PROJECT_VERSION = 1;
				DEVELOPMENT_TEAM = G9QUNGBCC5;
				GENERATE_INFOPLIST_FILE = YES;
				MARKETING_VERSION = 1.0;
				PRODUCT_BUNDLE_IDENTIFIER = "test.com.ToDo-ListUITests";
				PRODUCT_NAME = "$(TARGET_NAME)";
				SWIFT_EMIT_LOC_STRINGS = NO;
				SWIFT_VERSION = 5.0;
				TARGETED_DEVICE_FAMILY = "1,2";
				TEST_TARGET_NAME = "ToDo List";
			};
			name = Release;
		};
/* End XCBuildConfiguration section */

/* Begin XCConfigurationList section */
		525EE5162C590BC700077365 /* Build configuration list for PBXProject "ToDo List" */ = {
			isa = XCConfigurationList;
			buildConfigurations = (
				525EE5432C590BCA00077365 /* Debug */,
				525EE5442C590BCA00077365 /* Release */,
			);
			defaultConfigurationIsVisible = 0;
			defaultConfigurationName = Release;
		};
		525EE5452C590BCA00077365 /* Build configuration list for PBXNativeTarget "ToDo List" */ = {
			isa = XCConfigurationList;
			buildConfigurations = (
				525EE5462C590BCA00077365 /* Debug */,
				525EE5472C590BCA00077365 /* Release */,
			);
			defaultConfigurationIsVisible = 0;
			defaultConfigurationName = Release;
		};
		525EE5482C590BCA00077365 /* Build configuration list for PBXNativeTarget "ToDo ListTests" */ = {
			isa = XCConfigurationList;
			buildConfigurations = (
				525EE5492C590BCA00077365 /* Debug */,
				525EE54A2C590BCA00077365 /* Release */,
			);
			defaultConfigurationIsVisible = 0;
			defaultConfigurationName = Release;
		};
		525EE54B2C590BCA00077365 /* Build configuration list for PBXNativeTarget "ToDo ListUITests" */ = {
			isa = XCConfigurationList;
			buildConfigurations = (
				525EE54C2C590BCA00077365 /* Debug */,
				525EE54D2C590BCA00077365 /* Release */,
			);
			defaultConfigurationIsVisible = 0;
			defaultConfigurationName = Release;
		};
/* End XCConfigurationList section */
	};
	rootObject = 525EE5132C590BC700077365 /* Project object */;
}
